# This file is generated by running "yarn install" inside your project.
# Manual changes might be lost - proceed with caution!

__metadata:
  version: 6
  cacheKey: 8

"@cspotcode/source-map-support@npm:^0.8.0":
  version: 0.8.1
  resolution: "@cspotcode/source-map-support@npm:0.8.1"
  dependencies:
    "@jridgewell/trace-mapping": 0.3.9
  checksum: 5718f267085ed8edb3e7ef210137241775e607ee18b77d95aa5bd7514f47f5019aa2d82d96b3bf342ef7aa890a346fa1044532ff7cc3009e7d24fce3ce6200fa
  languageName: node
  linkType: hard

"@firecms/cli@workspace:.":
  version: 0.0.0-use.local
  resolution: "@firecms/cli@workspace:."
  dependencies:
    "@types/node": ^20.8.7
    arg: ^4.1.3
    axios: ^0.21.4
    chalk: ^4.1.0
    esm: ^3.2.18
    execa: ^4.0.2
    inquirer: ^7.2.0
    json5: ^2.1.3
    listr: ^0.14.3
    ncp: ^2.0.0
    open: ^7.4.2
    pkg-install: ^1.0.0
    querystring: ^0.2.1
    ts-node: ^10.9.1
    typescript: ^5.2.2
    ws: ^8.14.2
  bin:
    firecms: bin/firecms
  languageName: unknown
  linkType: soft

"@jridgewell/resolve-uri@npm:^3.0.3":
  version: 3.1.1
  resolution: "@jridgewell/resolve-uri@npm:3.1.1"
  checksum: f5b441fe7900eab4f9155b3b93f9800a916257f4e8563afbcd3b5a5337b55e52bd8ae6735453b1b745457d9f6cdb16d74cd6220bbdd98cf153239e13f6cbb653
  languageName: node
  linkType: hard

"@jridgewell/sourcemap-codec@npm:^1.4.10":
  version: 1.4.15
  resolution: "@jridgewell/sourcemap-codec@npm:1.4.15"
  checksum: b881c7e503db3fc7f3c1f35a1dd2655a188cc51a3612d76efc8a6eb74728bef5606e6758ee77423e564092b4a518aba569bbb21c9bac5ab7a35b0c6ae7e344c8
  languageName: node
  linkType: hard

"@jridgewell/trace-mapping@npm:0.3.9":
  version: 0.3.9
  resolution: "@jridgewell/trace-mapping@npm:0.3.9"
  dependencies:
    "@jridgewell/resolve-uri": ^3.0.3
    "@jridgewell/sourcemap-codec": ^1.4.10
  checksum: d89597752fd88d3f3480845691a05a44bd21faac18e2185b6f436c3b0fd0c5a859fbbd9aaa92050c4052caf325ad3e10e2e1d1b64327517471b7d51babc0ddef
  languageName: node
  linkType: hard

"@samverschueren/stream-to-observable@npm:^0.3.0":
  version: 0.3.1
  resolution: "@samverschueren/stream-to-observable@npm:0.3.1"
  dependencies:
    any-observable: ^0.3.0
  peerDependenciesMeta:
    rxjs:
      optional: true
    zen-observable:
      optional: true
  checksum: 8ec6d43370f419975295f306699f87989dd64a099a29cf62ddacbbbe32df634f87451504d340e15321e74b0a3ca8a9b447736472f792102e234faa207395e6c9
  languageName: node
  linkType: hard

"@tsconfig/node10@npm:^1.0.7":
  version: 1.0.9
  resolution: "@tsconfig/node10@npm:1.0.9"
  checksum: a33ae4dc2a621c0678ac8ac4bceb8e512ae75dac65417a2ad9b022d9b5411e863c4c198b6ba9ef659e14b9fb609bbec680841a2e84c1172df7a5ffcf076539df
  languageName: node
  linkType: hard

"@tsconfig/node12@npm:^1.0.7":
  version: 1.0.11
  resolution: "@tsconfig/node12@npm:1.0.11"
  checksum: 5ce29a41b13e7897a58b8e2df11269c5395999e588b9a467386f99d1d26f6c77d1af2719e407621412520ea30517d718d5192a32403b8dfcc163bf33e40a338a
  languageName: node
  linkType: hard

"@tsconfig/node14@npm:^1.0.0":
  version: 1.0.3
  resolution: "@tsconfig/node14@npm:1.0.3"
  checksum: 19275fe80c4c8d0ad0abed6a96dbf00642e88b220b090418609c4376e1cef81bf16237bf170ad1b341452feddb8115d8dd2e5acdfdea1b27422071163dc9ba9d
  languageName: node
  linkType: hard

"@tsconfig/node16@npm:^1.0.2":
  version: 1.0.4
  resolution: "@tsconfig/node16@npm:1.0.4"
  checksum: 202319785901f942a6e1e476b872d421baec20cf09f4b266a1854060efbf78cde16a4d256e8bc949d31e6cd9a90f1e8ef8fb06af96a65e98338a2b6b0de0a0ff
  languageName: node
  linkType: hard

"@types/execa@npm:^0.9.0":
  version: 0.9.0
  resolution: "@types/execa@npm:0.9.0"
  dependencies:
    "@types/node": "*"
  checksum: 4f12e2aec1a2140c33ae9fdda5a12ab0eb6665b20a9ce8e6914db11986f6f5c2ad62d82b207e31dff6b9b071c78e02da6581acc45e2fd0a31e9717a03638ddbd
  languageName: node
  linkType: hard

"@types/node@npm:*, @types/node@npm:^20.8.7":
  version: 20.8.7
  resolution: "@types/node@npm:20.8.7"
  dependencies:
    undici-types: ~5.25.1
  checksum: 2173c0c03daefcb60c03a61b1371b28c8fe412e7a40dc6646458b809d14a85fbc7aeb369d957d57f0aaaafd99964e77436f29b3b579232d8f2b20c58abbd1d25
  languageName: node
  linkType: hard

"@types/node@npm:^11.9.4":
  version: 11.15.54
  resolution: "@types/node@npm:11.15.54"
  checksum: d65c15001070c5df893876bb7637024a1a412d8ccfd803c61b4ee3293aafb85d69e278cd27dc28f66c8d21018d85fa50f93ade0937a187c16c8dad23fb1598d8
  languageName: node
  linkType: hard

"acorn-walk@npm:^8.1.1":
  version: 8.2.0
  resolution: "acorn-walk@npm:8.2.0"
  checksum: 1715e76c01dd7b2d4ca472f9c58968516a4899378a63ad5b6c2d668bba8da21a71976c14ec5f5b75f887b6317c4ae0b897ab141c831d741dc76024d8745f1ad1
  languageName: node
  linkType: hard

"acorn@npm:^8.4.1":
  version: 8.10.0
  resolution: "acorn@npm:8.10.0"
  bin:
    acorn: bin/acorn
  checksum: 538ba38af0cc9e5ef983aee196c4b8b4d87c0c94532334fa7e065b2c8a1f85863467bb774231aae91613fcda5e68740c15d97b1967ae3394d20faddddd8af61d
  languageName: node
  linkType: hard

"ansi-escapes@npm:^3.0.0":
  version: 3.2.0
  resolution: "ansi-escapes@npm:3.2.0"
  checksum: 0f94695b677ea742f7f1eed961f7fd8d05670f744c6ad1f8f635362f6681dcfbc1575cb05b43abc7bb6d67e25a75fb8c7ea8f2a57330eb2c76b33f18cb2cef0a
  languageName: node
  linkType: hard

"ansi-escapes@npm:^4.2.1":
  version: 4.3.2
  resolution: "ansi-escapes@npm:4.3.2"
  dependencies:
    type-fest: ^0.21.3
  checksum: 93111c42189c0a6bed9cdb4d7f2829548e943827ee8479c74d6e0b22ee127b2a21d3f8b5ca57723b8ef78ce011fbfc2784350eb2bde3ccfccf2f575fa8489815
  languageName: node
  linkType: hard

"ansi-regex@npm:^2.0.0":
  version: 2.1.1
  resolution: "ansi-regex@npm:2.1.1"
  checksum: 190abd03e4ff86794f338a31795d262c1dfe8c91f7e01d04f13f646f1dcb16c5800818f886047876f1272f065570ab86b24b99089f8b68a0e11ff19aed4ca8f1
  languageName: node
  linkType: hard

"ansi-regex@npm:^3.0.0":
  version: 3.0.1
  resolution: "ansi-regex@npm:3.0.1"
  checksum: 09daf180c5f59af9850c7ac1bd7fda85ba596cc8cbeb210826e90755f06c818af86d9fa1e6e8322fab2c3b9e9b03f56c537b42241139f824dd75066a1e7257cc
  languageName: node
  linkType: hard

"ansi-regex@npm:^5.0.1":
  version: 5.0.1
  resolution: "ansi-regex@npm:5.0.1"
  checksum: 2aa4bb54caf2d622f1afdad09441695af2a83aa3fe8b8afa581d205e57ed4261c183c4d3877cee25794443fde5876417d859c108078ab788d6af7e4fe52eb66b
  languageName: node
  linkType: hard

"ansi-styles@npm:^2.2.1":
  version: 2.2.1
  resolution: "ansi-styles@npm:2.2.1"
  checksum: ebc0e00381f2a29000d1dac8466a640ce11943cef3bda3cd0020dc042e31e1058ab59bf6169cd794a54c3a7338a61ebc404b7c91e004092dd20e028c432c9c2c
  languageName: node
  linkType: hard

"ansi-styles@npm:^3.2.1":
  version: 3.2.1
  resolution: "ansi-styles@npm:3.2.1"
  dependencies:
    color-convert: ^1.9.0
  checksum: d85ade01c10e5dd77b6c89f34ed7531da5830d2cb5882c645f330079975b716438cd7ebb81d0d6e6b4f9c577f19ae41ab55f07f19786b02f9dfd9e0377395665
  languageName: node
  linkType: hard

"ansi-styles@npm:^4.1.0":
  version: 4.3.0
  resolution: "ansi-styles@npm:4.3.0"
  dependencies:
    color-convert: ^2.0.1
  checksum: 513b44c3b2105dd14cc42a19271e80f386466c4be574bccf60b627432f9198571ebf4ab1e4c3ba17347658f4ee1711c163d574248c0c1cdc2d5917a0ad582ec4
  languageName: node
  linkType: hard

"any-observable@npm:^0.3.0":
  version: 0.3.0
  resolution: "any-observable@npm:0.3.0"
  checksum: e715563ebb520ef4b2688c69512bc17e73dc8d5fb9fd29f50dea417cd4e5c8d05d27205461fa22bfd07b9a32134fc8fa88059a16adf52bb5968ccbf338ec4c7f
  languageName: node
  linkType: hard

"arg@npm:^4.1.0, arg@npm:^4.1.3":
  version: 4.1.3
  resolution: "arg@npm:4.1.3"
  checksum: 544af8dd3f60546d3e4aff084d451b96961d2267d668670199692f8d054f0415d86fc5497d0e641e91546f0aa920e7c29e5250e99fc89f5552a34b5d93b77f43
  languageName: node
  linkType: hard

"axios@npm:^0.21.4":
  version: 0.21.4
  resolution: "axios@npm:0.21.4"
  dependencies:
    follow-redirects: ^1.14.0
  checksum: 44245f24ac971e7458f3120c92f9d66d1fc695e8b97019139de5b0cc65d9b8104647db01e5f46917728edfc0cfd88eb30fc4c55e6053eef4ace76768ce95ff3c
  languageName: node
  linkType: hard

"chalk@npm:^1.0.0, chalk@npm:^1.1.3":
  version: 1.1.3
  resolution: "chalk@npm:1.1.3"
  dependencies:
    ansi-styles: ^2.2.1
    escape-string-regexp: ^1.0.2
    has-ansi: ^2.0.0
    strip-ansi: ^3.0.0
    supports-color: ^2.0.0
  checksum: 9d2ea6b98fc2b7878829eec223abcf404622db6c48396a9b9257f6d0ead2acf18231ae368d6a664a83f272b0679158da12e97b5229f794939e555cc574478acd
  languageName: node
  linkType: hard

"chalk@npm:^2.4.1":
  version: 2.4.2
  resolution: "chalk@npm:2.4.2"
  dependencies:
    ansi-styles: ^3.2.1
    escape-string-regexp: ^1.0.5
    supports-color: ^5.3.0
  checksum: ec3661d38fe77f681200f878edbd9448821924e0f93a9cefc0e26a33b145f1027a2084bf19967160d11e1f03bfe4eaffcabf5493b89098b2782c3fe0b03d80c2
  languageName: node
  linkType: hard

"chalk@npm:^4.1.0":
  version: 4.1.2
  resolution: "chalk@npm:4.1.2"
  dependencies:
    ansi-styles: ^4.1.0
    supports-color: ^7.1.0
  checksum: fe75c9d5c76a7a98d45495b91b2172fa3b7a09e0cc9370e5c8feb1c567b85c4288e2b3fded7cfdd7359ac28d6b3844feb8b82b8686842e93d23c827c417e83fc
  languageName: node
  linkType: hard

"chardet@npm:^0.7.0":
  version: 0.7.0
  resolution: "chardet@npm:0.7.0"
  checksum: 6fd5da1f5d18ff5712c1e0aed41da200d7c51c28f11b36ee3c7b483f3696dabc08927fc6b227735eb8f0e1215c9a8abd8154637f3eff8cada5959df7f58b024d
  languageName: node
  linkType: hard

"cli-cursor@npm:^2.0.0, cli-cursor@npm:^2.1.0":
  version: 2.1.0
  resolution: "cli-cursor@npm:2.1.0"
  dependencies:
    restore-cursor: ^2.0.0
  checksum: d88e97bfdac01046a3ffe7d49f06757b3126559d7e44aa2122637eb179284dc6cd49fca2fac4f67c19faaf7e6dab716b6fe1dfcd309977407d8c7578ec2d044d
  languageName: node
  linkType: hard

"cli-cursor@npm:^3.1.0":
  version: 3.1.0
  resolution: "cli-cursor@npm:3.1.0"
  dependencies:
    restore-cursor: ^3.1.0
  checksum: 2692784c6cd2fd85cfdbd11f53aea73a463a6d64a77c3e098b2b4697a20443f430c220629e1ca3b195ea5ac4a97a74c2ee411f3807abf6df2b66211fec0c0a29
  languageName: node
  linkType: hard

"cli-truncate@npm:^0.2.1":
  version: 0.2.1
  resolution: "cli-truncate@npm:0.2.1"
  dependencies:
    slice-ansi: 0.0.4
    string-width: ^1.0.1
  checksum: c2e4b8d95275d8c772ced60977341e87530b81a1160b0e26a252a6c39b794fdf7a1236bf5bc7150558f759deb960cbabc0f993964327bde80790bcd330b698a0
  languageName: node
  linkType: hard

"cli-width@npm:^3.0.0":
  version: 3.0.0
  resolution: "cli-width@npm:3.0.0"
  checksum: 4c94af3769367a70e11ed69aa6095f1c600c0ff510f3921ab4045af961820d57c0233acfa8b6396037391f31b4c397e1f614d234294f979ff61430a6c166c3f6
  languageName: node
  linkType: hard

"code-point-at@npm:^1.0.0":
  version: 1.1.0
  resolution: "code-point-at@npm:1.1.0"
  checksum: 17d5666611f9b16d64fdf48176d9b7fb1c7d1c1607a189f7e600040a11a6616982876af148230336adb7d8fe728a559f743a4e29db3747e3b1a32fa7f4529681
  languageName: node
  linkType: hard

"color-convert@npm:^1.9.0":
  version: 1.9.3
  resolution: "color-convert@npm:1.9.3"
  dependencies:
    color-name: 1.1.3
  checksum: fd7a64a17cde98fb923b1dd05c5f2e6f7aefda1b60d67e8d449f9328b4e53b228a428fd38bfeaeb2db2ff6b6503a776a996150b80cdf224062af08a5c8a3a203
  languageName: node
  linkType: hard

"color-convert@npm:^2.0.1":
  version: 2.0.1
  resolution: "color-convert@npm:2.0.1"
  dependencies:
    color-name: ~1.1.4
  checksum: 79e6bdb9fd479a205c71d89574fccfb22bd9053bd98c6c4d870d65c132e5e904e6034978e55b43d69fcaa7433af2016ee203ce76eeba9cfa554b373e7f7db336
  languageName: node
  linkType: hard

"color-name@npm:1.1.3":
  version: 1.1.3
  resolution: "color-name@npm:1.1.3"
  checksum: 09c5d3e33d2105850153b14466501f2bfb30324a2f76568a408763a3b7433b0e50e5b4ab1947868e65cb101bb7cb75029553f2c333b6d4b8138a73fcc133d69d
  languageName: node
  linkType: hard

"color-name@npm:~1.1.4":
  version: 1.1.4
  resolution: "color-name@npm:1.1.4"
  checksum: b0445859521eb4021cd0fb0cc1a75cecf67fceecae89b63f62b201cca8d345baf8b952c966862a9d9a2632987d4f6581f0ec8d957dfacece86f0a7919316f610
  languageName: node
  linkType: hard

"create-require@npm:^1.1.0":
  version: 1.1.1
  resolution: "create-require@npm:1.1.1"
  checksum: a9a1503d4390d8b59ad86f4607de7870b39cad43d929813599a23714831e81c520bddf61bcdd1f8e30f05fd3a2b71ae8538e946eb2786dc65c2bbc520f692eff
  languageName: node
  linkType: hard

"cross-spawn@npm:^6.0.0":
  version: 6.0.5
  resolution: "cross-spawn@npm:6.0.5"
  dependencies:
    nice-try: ^1.0.4
    path-key: ^2.0.1
    semver: ^5.5.0
    shebang-command: ^1.2.0
    which: ^1.2.9
  checksum: f893bb0d96cd3d5751d04e67145bdddf25f99449531a72e82dcbbd42796bbc8268c1076c6b3ea51d4d455839902804b94bc45dfb37ecbb32ea8e54a6741c3ab9
  languageName: node
  linkType: hard

"cross-spawn@npm:^7.0.0":
  version: 7.0.3
  resolution: "cross-spawn@npm:7.0.3"
  dependencies:
    path-key: ^3.1.0
    shebang-command: ^2.0.0
    which: ^2.0.1
  checksum: 671cc7c7288c3a8406f3c69a3ae2fc85555c04169e9d611def9a675635472614f1c0ed0ef80955d5b6d4e724f6ced67f0ad1bb006c2ea643488fcfef994d7f52
  languageName: node
  linkType: hard

"date-fns@npm:^1.27.2":
  version: 1.30.1
  resolution: "date-fns@npm:1.30.1"
  checksum: 86b1f3269cbb1f3ee5ac9959775ea6600436f4ee2b78430cd427b41a0c9fabf740b1a5d401c085f3003539a6f4755c7c56c19fbd70ce11f6f673f6bc8075b710
  languageName: node
  linkType: hard

"diff@npm:^4.0.1":
  version: 4.0.2
  resolution: "diff@npm:4.0.2"
  checksum: f2c09b0ce4e6b301c221addd83bf3f454c0bc00caa3dd837cf6c127d6edf7223aa2bbe3b688feea110b7f262adbfc845b757c44c8a9f8c0c5b15d8fa9ce9d20d
  languageName: node
  linkType: hard

"elegant-spinner@npm:^1.0.1":
  version: 1.0.1
  resolution: "elegant-spinner@npm:1.0.1"
  checksum: d6a773d950c5d403b5f0fa402787e37dde99989ab6c943558fe8491cf7cd0df0e2747a9ff4d391d5a5f20a447cc9e9a63bdc956354ba47bea462f1603a5b04fe
  languageName: node
  linkType: hard

"emoji-regex@npm:^8.0.0":
  version: 8.0.0
  resolution: "emoji-regex@npm:8.0.0"
  checksum: d4c5c39d5a9868b5fa152f00cada8a936868fd3367f33f71be515ecee4c803132d11b31a6222b2571b1e5f7e13890156a94880345594d0ce7e3c9895f560f192
  languageName: node
  linkType: hard

"end-of-stream@npm:^1.1.0":
  version: 1.4.4
  resolution: "end-of-stream@npm:1.4.4"
  dependencies:
    once: ^1.4.0
  checksum: 530a5a5a1e517e962854a31693dbb5c0b2fc40b46dad2a56a2deec656ca040631124f4795823acc68238147805f8b021abbe221f4afed5ef3c8e8efc2024908b
  languageName: node
  linkType: hard

"escape-string-regexp@npm:^1.0.2, escape-string-regexp@npm:^1.0.5":
  version: 1.0.5
  resolution: "escape-string-regexp@npm:1.0.5"
  checksum: 6092fda75c63b110c706b6a9bfde8a612ad595b628f0bd2147eea1d3406723020810e591effc7db1da91d80a71a737a313567c5abb3813e8d9c71f4aa595b410
  languageName: node
  linkType: hard

"esm@npm:^3.2.18":
  version: 3.2.25
  resolution: "esm@npm:3.2.25"
  checksum: 978aabe2de83541c105605a6d60a26ed8e627ef6bb0a7605fe15a95bbdea6b8348bd045255cb22219c054dd09a81a94823df00843d9e97f42419c92015ce3a64
  languageName: node
  linkType: hard

"execa@npm:^1.0.0":
  version: 1.0.0
  resolution: "execa@npm:1.0.0"
  dependencies:
    cross-spawn: ^6.0.0
    get-stream: ^4.0.0
    is-stream: ^1.1.0
    npm-run-path: ^2.0.0
    p-finally: ^1.0.0
    signal-exit: ^3.0.0
    strip-eof: ^1.0.0
  checksum: ddf1342c1c7d02dd93b41364cd847640f6163350d9439071abf70bf4ceb1b9b2b2e37f54babb1d8dc1df8e0d8def32d0e81e74a2e62c3e1d70c303eb4c306bc4
  languageName: node
  linkType: hard

"execa@npm:^4.0.2":
  version: 4.1.0
  resolution: "execa@npm:4.1.0"
  dependencies:
    cross-spawn: ^7.0.0
    get-stream: ^5.0.0
    human-signals: ^1.1.1
    is-stream: ^2.0.0
    merge-stream: ^2.0.0
    npm-run-path: ^4.0.0
    onetime: ^5.1.0
    signal-exit: ^3.0.2
    strip-final-newline: ^2.0.0
  checksum: e30d298934d9c52f90f3847704fd8224e849a081ab2b517bbc02f5f7732c24e56a21f14cb96a08256deffeb2d12b2b7cb7e2b014a12fb36f8d3357e06417ed55
  languageName: node
  linkType: hard

"external-editor@npm:^3.0.3":
  version: 3.1.0
  resolution: "external-editor@npm:3.1.0"
  dependencies:
    chardet: ^0.7.0
    iconv-lite: ^0.4.24
    tmp: ^0.0.33
  checksum: 1c2a616a73f1b3435ce04030261bed0e22d4737e14b090bb48e58865da92529c9f2b05b893de650738d55e692d071819b45e1669259b2b354bc3154d27a698c7
  languageName: node
  linkType: hard

"figures@npm:^1.7.0":
  version: 1.7.0
  resolution: "figures@npm:1.7.0"
  dependencies:
    escape-string-regexp: ^1.0.5
    object-assign: ^4.1.0
  checksum: d77206deba991a7977f864b8c8edf9b8b43b441be005482db04b0526e36263adbdb22c1c6d2df15a1ad78d12029bd1aa41ccebcb5d425e1f2cf629c6daaa8e10
  languageName: node
  linkType: hard

"figures@npm:^2.0.0":
  version: 2.0.0
  resolution: "figures@npm:2.0.0"
  dependencies:
    escape-string-regexp: ^1.0.5
  checksum: 081beb16ea57d1716f8447c694f637668322398b57017b20929376aaf5def9823b35245b734cdd87e4832dc96e9c6f46274833cada77bfe15e5f980fea1fd21f
  languageName: node
  linkType: hard

"figures@npm:^3.0.0":
  version: 3.2.0
  resolution: "figures@npm:3.2.0"
  dependencies:
    escape-string-regexp: ^1.0.5
  checksum: 85a6ad29e9aca80b49b817e7c89ecc4716ff14e3779d9835af554db91bac41c0f289c418923519392a1e582b4d10482ad282021330cd045bb7b80c84152f2a2b
  languageName: node
  linkType: hard

"follow-redirects@npm:^1.14.0":
  version: 1.15.3
  resolution: "follow-redirects@npm:1.15.3"
  peerDependenciesMeta:
    debug:
      optional: true
  checksum: 584da22ec5420c837bd096559ebfb8fe69d82512d5585004e36a3b4a6ef6d5905780e0c74508c7b72f907d1fa2b7bd339e613859e9c304d0dc96af2027fd0231
  languageName: node
  linkType: hard

"get-stream@npm:^4.0.0":
  version: 4.1.0
  resolution: "get-stream@npm:4.1.0"
  dependencies:
    pump: ^3.0.0
  checksum: 443e1914170c15bd52ff8ea6eff6dfc6d712b031303e36302d2778e3de2506af9ee964d6124010f7818736dcfde05c04ba7ca6cc26883106e084357a17ae7d73
  languageName: node
  linkType: hard

"get-stream@npm:^5.0.0":
  version: 5.2.0
  resolution: "get-stream@npm:5.2.0"
  dependencies:
    pump: ^3.0.0
  checksum: 8bc1a23174a06b2b4ce600df38d6c98d2ef6d84e020c1ddad632ad75bac4e092eeb40e4c09e0761c35fc2dbc5e7fff5dab5e763a383582c4a167dd69a905bd12
  languageName: node
  linkType: hard

"has-ansi@npm:^2.0.0":
  version: 2.0.0
  resolution: "has-ansi@npm:2.0.0"
  dependencies:
    ansi-regex: ^2.0.0
  checksum: 1b51daa0214440db171ff359d0a2d17bc20061164c57e76234f614c91dbd2a79ddd68dfc8ee73629366f7be45a6df5f2ea9de83f52e1ca24433f2cc78c35d8ec
  languageName: node
  linkType: hard

"has-flag@npm:^3.0.0":
  version: 3.0.0
  resolution: "has-flag@npm:3.0.0"
  checksum: 4a15638b454bf086c8148979aae044dd6e39d63904cd452d970374fa6a87623423da485dfb814e7be882e05c096a7ccf1ebd48e7e7501d0208d8384ff4dea73b
  languageName: node
  linkType: hard

"has-flag@npm:^4.0.0":
  version: 4.0.0
  resolution: "has-flag@npm:4.0.0"
  checksum: 261a1357037ead75e338156b1f9452c016a37dcd3283a972a30d9e4a87441ba372c8b81f818cd0fbcd9c0354b4ae7e18b9e1afa1971164aef6d18c2b6095a8ad
  languageName: node
  linkType: hard

"human-signals@npm:^1.1.1":
  version: 1.1.1
  resolution: "human-signals@npm:1.1.1"
  checksum: d587647c9e8ec24e02821b6be7de5a0fc37f591f6c4e319b3054b43fd4c35a70a94c46fc74d8c1a43c47fde157d23acd7421f375e1c1365b09a16835b8300205
  languageName: node
  linkType: hard

"iconv-lite@npm:^0.4.24":
  version: 0.4.24
  resolution: "iconv-lite@npm:0.4.24"
  dependencies:
    safer-buffer: ">= 2.1.2 < 3"
  checksum: bd9f120f5a5b306f0bc0b9ae1edeb1577161503f5f8252a20f1a9e56ef8775c9959fd01c55f2d3a39d9a8abaf3e30c1abeb1895f367dcbbe0a8fd1c9ca01c4f6
  languageName: node
  linkType: hard

"indent-string@npm:^3.0.0":
  version: 3.2.0
  resolution: "indent-string@npm:3.2.0"
  checksum: a0b72603bba6c985d367fda3a25aad16423d2056b22a7e83ee2dd9ce0ce3d03d1e078644b679087aa7edf1cfb457f0d96d9eeadc0b12f38582088cc00e995d2f
  languageName: node
  linkType: hard

"inquirer@npm:^7.2.0":
  version: 7.3.3
  resolution: "inquirer@npm:7.3.3"
  dependencies:
    ansi-escapes: ^4.2.1
    chalk: ^4.1.0
    cli-cursor: ^3.1.0
    cli-width: ^3.0.0
    external-editor: ^3.0.3
    figures: ^3.0.0
    lodash: ^4.17.19
    mute-stream: 0.0.8
    run-async: ^2.4.0
    rxjs: ^6.6.0
    string-width: ^4.1.0
    strip-ansi: ^6.0.0
    through: ^2.3.6
  checksum: 4d387fc1eb6126acbd58cbdb9ad99d2887d181df86ab0c2b9abdf734e751093e2d5882c2b6dc7144d9ab16b7ab30a78a1d7f01fb6a2850a44aeb175d1e3f8778
  languageName: node
  linkType: hard

"is-docker@npm:^2.0.0":
  version: 2.2.1
  resolution: "is-docker@npm:2.2.1"
  bin:
    is-docker: cli.js
  checksum: 3fef7ddbf0be25958e8991ad941901bf5922ab2753c46980b60b05c1bf9c9c2402d35e6dc32e4380b980ef5e1970a5d9d5e5aa2e02d77727c3b6b5e918474c56
  languageName: node
  linkType: hard

"is-fullwidth-code-point@npm:^1.0.0":
  version: 1.0.0
  resolution: "is-fullwidth-code-point@npm:1.0.0"
  dependencies:
    number-is-nan: ^1.0.0
  checksum: 4d46a7465a66a8aebcc5340d3b63a56602133874af576a9ca42c6f0f4bd787a743605771c5f246db77da96605fefeffb65fc1dbe862dcc7328f4b4d03edf5a57
  languageName: node
  linkType: hard

"is-fullwidth-code-point@npm:^2.0.0":
  version: 2.0.0
  resolution: "is-fullwidth-code-point@npm:2.0.0"
  checksum: eef9c6e15f68085fec19ff6a978a6f1b8f48018fd1265035552078ee945573594933b09bbd6f562553e2a241561439f1ef5339276eba68d272001343084cfab8
  languageName: node
  linkType: hard

"is-fullwidth-code-point@npm:^3.0.0":
  version: 3.0.0
  resolution: "is-fullwidth-code-point@npm:3.0.0"
  checksum: 44a30c29457c7fb8f00297bce733f0a64cd22eca270f83e58c105e0d015e45c019491a4ab2faef91ab51d4738c670daff901c799f6a700e27f7314029e99e348
  languageName: node
  linkType: hard

"is-observable@npm:^1.1.0":
  version: 1.1.0
  resolution: "is-observable@npm:1.1.0"
  dependencies:
    symbol-observable: ^1.1.0
  checksum: ab3d7e740915e6b53a81d96ce7d581f4dd26dacceb95278b74e7bf3123221073ea02cde810f864cff94ed5c394f18248deefd6a8f2d40137d868130eb5be6f85
  languageName: node
  linkType: hard

"is-promise@npm:^2.1.0":
  version: 2.2.2
  resolution: "is-promise@npm:2.2.2"
  checksum: 18bf7d1c59953e0ad82a1ed963fb3dc0d135c8f299a14f89a17af312fc918373136e56028e8831700e1933519630cc2fd4179a777030330fde20d34e96f40c78
  languageName: node
  linkType: hard

"is-stream@npm:^1.1.0":
  version: 1.1.0
  resolution: "is-stream@npm:1.1.0"
  checksum: 063c6bec9d5647aa6d42108d4c59723d2bd4ae42135a2d4db6eadbd49b7ea05b750fd69d279e5c7c45cf9da753ad2c00d8978be354d65aa9f6bb434969c6a2ae
  languageName: node
  linkType: hard

"is-stream@npm:^2.0.0":
  version: 2.0.1
  resolution: "is-stream@npm:2.0.1"
  checksum: b8e05ccdf96ac330ea83c12450304d4a591f9958c11fd17bed240af8d5ffe08aedafa4c0f4cfccd4d28dc9d4d129daca1023633d5c11601a6cbc77521f6fae66
  languageName: node
  linkType: hard

"is-wsl@npm:^2.1.1":
  version: 2.2.0
  resolution: "is-wsl@npm:2.2.0"
  dependencies:
    is-docker: ^2.0.0
  checksum: 20849846ae414997d290b75e16868e5261e86ff5047f104027026fd61d8b5a9b0b3ade16239f35e1a067b3c7cc02f70183cb661010ed16f4b6c7c93dad1b19d8
  languageName: node
  linkType: hard

"isexe@npm:^2.0.0":
  version: 2.0.0
  resolution: "isexe@npm:2.0.0"
  checksum: 26bf6c5480dda5161c820c5b5c751ae1e766c587b1f951ea3fcfc973bafb7831ae5b54a31a69bd670220e42e99ec154475025a468eae58ea262f813fdc8d1c62
  languageName: node
  linkType: hard

"json5@npm:^2.1.3":
  version: 2.2.3
  resolution: "json5@npm:2.2.3"
  bin:
    json5: lib/cli.js
  checksum: 2a7436a93393830bce797d4626275152e37e877b265e94ca69c99e3d20c2b9dab021279146a39cdb700e71b2dd32a4cebd1514cd57cee102b1af906ce5040349
  languageName: node
  linkType: hard

"listr-silent-renderer@npm:^1.1.1":
  version: 1.1.1
  resolution: "listr-silent-renderer@npm:1.1.1"
  checksum: 81982612e4d207be2e69c4dcf2a6e0aaa6080e41bfe0b73e8d0b040dcdb79874248b1040558793a2f0fcc9c2252ec8af47379650f59bf2a7656c11cd5a48c948
  languageName: node
  linkType: hard

"listr-update-renderer@npm:^0.5.0":
  version: 0.5.0
  resolution: "listr-update-renderer@npm:0.5.0"
  dependencies:
    chalk: ^1.1.3
    cli-truncate: ^0.2.1
    elegant-spinner: ^1.0.1
    figures: ^1.7.0
    indent-string: ^3.0.0
    log-symbols: ^1.0.2
    log-update: ^2.3.0
    strip-ansi: ^3.0.1
  peerDependencies:
    listr: ^0.14.2
  checksum: 2dddc763837a9086a684545ee9049fcb102d423b0c840ad929471ab461075ed78d5c79f1e8334cd7a76aa9076e7631c04a38733bb4d88c23ca6082c087335864
  languageName: node
  linkType: hard

"listr-verbose-renderer@npm:^0.5.0":
  version: 0.5.0
  resolution: "listr-verbose-renderer@npm:0.5.0"
  dependencies:
    chalk: ^2.4.1
    cli-cursor: ^2.1.0
    date-fns: ^1.27.2
    figures: ^2.0.0
  checksum: 3e504be729f9dd15b40db743e403673b76331774411dbc29d6f48136f6ba8bc1dee645a4e621c1cb781e6e69a58b78cb9aa8c153c7ceccfe4e4ea74d563bca3a
  languageName: node
  linkType: hard

"listr@npm:^0.14.3":
  version: 0.14.3
  resolution: "listr@npm:0.14.3"
  dependencies:
    "@samverschueren/stream-to-observable": ^0.3.0
    is-observable: ^1.1.0
    is-promise: ^2.1.0
    is-stream: ^1.1.0
    listr-silent-renderer: ^1.1.1
    listr-update-renderer: ^0.5.0
    listr-verbose-renderer: ^0.5.0
    p-map: ^2.0.0
    rxjs: ^6.3.3
  checksum: 932d69430c2bed2f987c53b2ea2070786187de29bc4a9fa8e93fdfdf2390d7c0ff9415eb1b31136f76b134cbb930fb18af039fc341263a02b107abc6d2c31a00
  languageName: node
  linkType: hard

"lodash@npm:^4.17.19":
  version: 4.17.21
  resolution: "lodash@npm:4.17.21"
  checksum: eb835a2e51d381e561e508ce932ea50a8e5a68f4ebdd771ea240d3048244a8d13658acbd502cd4829768c56f2e16bdd4340b9ea141297d472517b83868e677f7
  languageName: node
  linkType: hard

"log-symbols@npm:^1.0.2":
  version: 1.0.2
  resolution: "log-symbols@npm:1.0.2"
  dependencies:
    chalk: ^1.0.0
  checksum: 5214ade9381db5d40528c171fdfd459b75cad7040eb6a347294ae47fa80cfebba4adbc3aa73a1c9da744cbfa240dd93b38f80df8615717affeea6c4bb6b8dfe7
  languageName: node
  linkType: hard

"log-update@npm:^2.3.0":
  version: 2.3.0
  resolution: "log-update@npm:2.3.0"
  dependencies:
    ansi-escapes: ^3.0.0
    cli-cursor: ^2.0.0
    wrap-ansi: ^3.0.1
  checksum: 84fd8e93bfc316eb6ca479a37743f2edcb7563fe5b9161205ce2980f0b3c822717b8f8f1871369697fcb0208521d7b8d00750c594edc3f8a8273dd8b48dd14a3
  languageName: node
  linkType: hard

"make-error@npm:^1.1.1":
  version: 1.3.6
  resolution: "make-error@npm:1.3.6"
  checksum: b86e5e0e25f7f777b77fabd8e2cbf15737972869d852a22b7e73c17623928fccb826d8e46b9951501d3f20e51ad74ba8c59ed584f610526a48f8ccf88aaec402
  languageName: node
  linkType: hard

"merge-stream@npm:^2.0.0":
  version: 2.0.0
  resolution: "merge-stream@npm:2.0.0"
  checksum: 6fa4dcc8d86629705cea944a4b88ef4cb0e07656ebf223fa287443256414283dd25d91c1cd84c77987f2aec5927af1a9db6085757cb43d90eb170ebf4b47f4f4
  languageName: node
  linkType: hard

"mimic-fn@npm:^1.0.0":
  version: 1.2.0
  resolution: "mimic-fn@npm:1.2.0"
  checksum: 69c08205156a1f4906d9c46f9b4dc08d18a50176352e77fdeb645cedfe9f20c0b19865d465bd2dec27a5c432347f24dc07fc3695e11159d193f892834233e939
  languageName: node
  linkType: hard

"mimic-fn@npm:^2.1.0":
  version: 2.1.0
  resolution: "mimic-fn@npm:2.1.0"
  checksum: d2421a3444848ce7f84bd49115ddacff29c15745db73f54041edc906c14b131a38d05298dae3081667627a59b2eb1ca4b436ff2e1b80f69679522410418b478a
  languageName: node
  linkType: hard

"mute-stream@npm:0.0.8":
  version: 0.0.8
  resolution: "mute-stream@npm:0.0.8"
  checksum: ff48d251fc3f827e5b1206cda0ffdaec885e56057ee86a3155e1951bc940fd5f33531774b1cc8414d7668c10a8907f863f6561875ee6e8768931a62121a531a1
  languageName: node
  linkType: hard

"ncp@npm:^2.0.0":
  version: 2.0.0
  resolution: "ncp@npm:2.0.0"
  bin:
    ncp: ./bin/ncp
  checksum: ea9b19221da1d1c5529bdb9f8e85c9d191d156bcaae408cce5e415b7fbfd8744c288e792bd7faf1fe3b70fd44c74e22f0d43c39b209bc7ac1fb8016f70793a16
  languageName: node
  linkType: hard

"nice-try@npm:^1.0.4":
  version: 1.0.5
  resolution: "nice-try@npm:1.0.5"
  checksum: 0b4af3b5bb5d86c289f7a026303d192a7eb4417231fe47245c460baeabae7277bcd8fd9c728fb6bd62c30b3e15cd6620373e2cf33353b095d8b403d3e8a15aff
  languageName: node
  linkType: hard

"npm-run-path@npm:^2.0.0":
  version: 2.0.2
  resolution: "npm-run-path@npm:2.0.2"
  dependencies:
    path-key: ^2.0.0
  checksum: acd5ad81648ba4588ba5a8effb1d98d2b339d31be16826a118d50f182a134ac523172101b82eab1d01cb4c2ba358e857d54cfafd8163a1ffe7bd52100b741125
  languageName: node
  linkType: hard

"npm-run-path@npm:^4.0.0":
  version: 4.0.1
  resolution: "npm-run-path@npm:4.0.1"
  dependencies:
    path-key: ^3.0.0
  checksum: 5374c0cea4b0bbfdfae62da7bbdf1e1558d338335f4cacf2515c282ff358ff27b2ecb91ffa5330a8b14390ac66a1e146e10700440c1ab868208430f56b5f4d23
  languageName: node
  linkType: hard

"number-is-nan@npm:^1.0.0":
  version: 1.0.1
  resolution: "number-is-nan@npm:1.0.1"
  checksum: 13656bc9aa771b96cef209ffca31c31a03b507ca6862ba7c3f638a283560620d723d52e626d57892c7fff475f4c36ac07f0600f14544692ff595abff214b9ffb
  languageName: node
  linkType: hard

"object-assign@npm:^4.1.0":
  version: 4.1.1
  resolution: "object-assign@npm:4.1.1"
  checksum: fcc6e4ea8c7fe48abfbb552578b1c53e0d194086e2e6bbbf59e0a536381a292f39943c6e9628af05b5528aa5e3318bb30d6b2e53cadaf5b8fe9e12c4b69af23f
  languageName: node
  linkType: hard

"once@npm:^1.3.1, once@npm:^1.4.0":
  version: 1.4.0
  resolution: "once@npm:1.4.0"
  dependencies:
    wrappy: 1
  checksum: cd0a88501333edd640d95f0d2700fbde6bff20b3d4d9bdc521bdd31af0656b5706570d6c6afe532045a20bb8dc0849f8332d6f2a416e0ba6d3d3b98806c7db68
  languageName: node
  linkType: hard

"onetime@npm:^2.0.0":
  version: 2.0.1
  resolution: "onetime@npm:2.0.1"
  dependencies:
    mimic-fn: ^1.0.0
  checksum: bb44015ac7a525d0fb43b029a583d4ad359834632b4424ca209b438aacf6d669dda81b5edfbdb42c22636e607b276ba5589f46694a729e3bc27948ce26f4cc1a
  languageName: node
  linkType: hard

"onetime@npm:^5.1.0":
  version: 5.1.2
  resolution: "onetime@npm:5.1.2"
  dependencies:
    mimic-fn: ^2.1.0
  checksum: 2478859ef817fc5d4e9c2f9e5728512ddd1dbc9fb7829ad263765bb6d3b91ce699d6e2332eef6b7dff183c2f490bd3349f1666427eaba4469fba0ac38dfd0d34
  languageName: node
  linkType: hard

"open@npm:^7.4.2":
  version: 7.4.2
  resolution: "open@npm:7.4.2"
  dependencies:
    is-docker: ^2.0.0
    is-wsl: ^2.1.1
  checksum: 3333900ec0e420d64c23b831bc3467e57031461d843c801f569b2204a1acc3cd7b3ec3c7897afc9dde86491dfa289708eb92bba164093d8bd88fb2c231843c91
  languageName: node
  linkType: hard

"os-tmpdir@npm:~1.0.2":
  version: 1.0.2
  resolution: "os-tmpdir@npm:1.0.2"
  checksum: 5666560f7b9f10182548bf7013883265be33620b1c1b4a4d405c25be2636f970c5488ff3e6c48de75b55d02bde037249fe5dbfbb4c0fb7714953d56aed062e6d
  languageName: node
  linkType: hard

"p-finally@npm:^1.0.0":
  version: 1.0.0
  resolution: "p-finally@npm:1.0.0"
  checksum: 93a654c53dc805dd5b5891bab16eb0ea46db8f66c4bfd99336ae929323b1af2b70a8b0654f8f1eae924b2b73d037031366d645f1fd18b3d30cbd15950cc4b1d4
  languageName: node
  linkType: hard

"p-map@npm:^2.0.0":
  version: 2.1.0
  resolution: "p-map@npm:2.1.0"
  checksum: 9e3ad3c9f6d75a5b5661bcad78c91f3a63849189737cd75e4f1225bf9ac205194e5c44aac2ef6f09562b1facdb9bd1425584d7ac375bfaa17b3f1a142dab936d
  languageName: node
  linkType: hard

"path-key@npm:^2.0.0, path-key@npm:^2.0.1":
  version: 2.0.1
  resolution: "path-key@npm:2.0.1"
  checksum: f7ab0ad42fe3fb8c7f11d0c4f849871e28fbd8e1add65c370e422512fc5887097b9cf34d09c1747d45c942a8c1e26468d6356e2df3f740bf177ab8ca7301ebfd
  languageName: node
  linkType: hard

"path-key@npm:^3.0.0, path-key@npm:^3.1.0":
  version: 3.1.1
  resolution: "path-key@npm:3.1.1"
  checksum: 55cd7a9dd4b343412a8386a743f9c746ef196e57c823d90ca3ab917f90ab9f13dd0ded27252ba49dbdfcab2b091d998bc446f6220cd3cea65db407502a740020
  languageName: node
  linkType: hard

"pkg-install@npm:^1.0.0":
  version: 1.0.0
  resolution: "pkg-install@npm:1.0.0"
  dependencies:
    "@types/execa": ^0.9.0
    "@types/node": ^11.9.4
    execa: ^1.0.0
  checksum: b23cb477760e76795b3e27f61235c08c0c7ff7a215d2fac89540eaf49ff8573177fd76e684a10e7ab417c528e5d50da445c20cbf1fee4143302315366f23fe8d
  languageName: node
  linkType: hard

"pump@npm:^3.0.0":
  version: 3.0.0
  resolution: "pump@npm:3.0.0"
  dependencies:
    end-of-stream: ^1.1.0
    once: ^1.3.1
  checksum: e42e9229fba14732593a718b04cb5e1cfef8254544870997e0ecd9732b189a48e1256e4e5478148ecb47c8511dca2b09eae56b4d0aad8009e6fac8072923cfc9
  languageName: node
  linkType: hard

"querystring@npm:^0.2.1":
  version: 0.2.1
  resolution: "querystring@npm:0.2.1"
  checksum: 7b83b45d641e75fd39cd6625ddfd44e7618e741c61e95281b57bbae8fde0afcc12cf851924559e5cc1ef9baa3b1e06e22b164ea1397d65dd94b801f678d9c8ce
  languageName: node
  linkType: hard

"restore-cursor@npm:^2.0.0":
  version: 2.0.0
  resolution: "restore-cursor@npm:2.0.0"
  dependencies:
    onetime: ^2.0.0
    signal-exit: ^3.0.2
  checksum: 482e13d02d834b6e5e3aa90304a8b5e840775d6f06916cc92a50038adf9f098dcc72405b567da8a37e137ae40ad3e31896fa3136ae62f7a426c2fbf53d036536
  languageName: node
  linkType: hard

"restore-cursor@npm:^3.1.0":
  version: 3.1.0
  resolution: "restore-cursor@npm:3.1.0"
  dependencies:
    onetime: ^5.1.0
    signal-exit: ^3.0.2
  checksum: f877dd8741796b909f2a82454ec111afb84eb45890eb49ac947d87991379406b3b83ff9673a46012fca0d7844bb989f45cc5b788254cf1a39b6b5a9659de0630
  languageName: node
  linkType: hard

"run-async@npm:^2.4.0":
  version: 2.4.1
  resolution: "run-async@npm:2.4.1"
  checksum: a2c88aa15df176f091a2878eb840e68d0bdee319d8d97bbb89112223259cebecb94bc0defd735662b83c2f7a30bed8cddb7d1674eb48ae7322dc602b22d03797
  languageName: node
  linkType: hard

"rxjs@npm:^6.3.3, rxjs@npm:^6.6.0":
  version: 6.6.7
  resolution: "rxjs@npm:6.6.7"
  dependencies:
    tslib: ^1.9.0
  checksum: bc334edef1bb8bbf56590b0b25734ba0deaf8825b703256a93714308ea36dff8a11d25533671adf8e104e5e8f256aa6fdfe39b2e248cdbd7a5f90c260acbbd1b
  languageName: node
  linkType: hard

"safer-buffer@npm:>= 2.1.2 < 3":
  version: 2.1.2
  resolution: "safer-buffer@npm:2.1.2"
  checksum: cab8f25ae6f1434abee8d80023d7e72b598cf1327164ddab31003c51215526801e40b66c5e65d658a0af1e9d6478cadcb4c745f4bd6751f97d8644786c0978b0
  languageName: node
  linkType: hard

"semver@npm:^5.5.0":
  version: 5.7.2
  resolution: "semver@npm:5.7.2"
  bin:
    semver: bin/semver
  checksum: fb4ab5e0dd1c22ce0c937ea390b4a822147a9c53dbd2a9a0132f12fe382902beef4fbf12cf51bb955248d8d15874ce8cd89532569756384f994309825f10b686
  languageName: node
  linkType: hard

"shebang-command@npm:^1.2.0":
  version: 1.2.0
  resolution: "shebang-command@npm:1.2.0"
  dependencies:
    shebang-regex: ^1.0.0
  checksum: 9eed1750301e622961ba5d588af2212505e96770ec376a37ab678f965795e995ade7ed44910f5d3d3cb5e10165a1847f52d3348c64e146b8be922f7707958908
  languageName: node
  linkType: hard

"shebang-command@npm:^2.0.0":
  version: 2.0.0
  resolution: "shebang-command@npm:2.0.0"
  dependencies:
    shebang-regex: ^3.0.0
  checksum: 6b52fe87271c12968f6a054e60f6bde5f0f3d2db483a1e5c3e12d657c488a15474121a1d55cd958f6df026a54374ec38a4a963988c213b7570e1d51575cea7fa
  languageName: node
  linkType: hard

"shebang-regex@npm:^1.0.0":
  version: 1.0.0
  resolution: "shebang-regex@npm:1.0.0"
  checksum: 404c5a752cd40f94591dfd9346da40a735a05139dac890ffc229afba610854d8799aaa52f87f7e0c94c5007f2c6af55bdcaeb584b56691926c5eaf41dc8f1372
  languageName: node
  linkType: hard

"shebang-regex@npm:^3.0.0":
  version: 3.0.0
  resolution: "shebang-regex@npm:3.0.0"
  checksum: 1a2bcae50de99034fcd92ad4212d8e01eedf52c7ec7830eedcf886622804fe36884278f2be8be0ea5fde3fd1c23911643a4e0f726c8685b61871c8908af01222
  languageName: node
  linkType: hard

"signal-exit@npm:^3.0.0, signal-exit@npm:^3.0.2":
  version: 3.0.7
  resolution: "signal-exit@npm:3.0.7"
  checksum: a2f098f247adc367dffc27845853e9959b9e88b01cb301658cfe4194352d8d2bb32e18467c786a7fe15f1d44b233ea35633d076d5e737870b7139949d1ab6318
  languageName: node
  linkType: hard

"slice-ansi@npm:0.0.4":
  version: 0.0.4
  resolution: "slice-ansi@npm:0.0.4"
  checksum: 481d969c6aa771b27d7baacd6fe321751a0b9eb410274bda10ca81ea641bbfe747e428025d6d8f15bd635fdcfd57e8b2d54681ee6b0ce0c40f78644b144759e3
  languageName: node
  linkType: hard

"string-width@npm:^1.0.1":
  version: 1.0.2
  resolution: "string-width@npm:1.0.2"
  dependencies:
    code-point-at: ^1.0.0
    is-fullwidth-code-point: ^1.0.0
    strip-ansi: ^3.0.0
  checksum: 5c79439e95bc3bd7233a332c5f5926ab2ee90b23816ed4faa380ce3b2576d7800b0a5bb15ae88ed28737acc7ea06a518c2eef39142dd727adad0e45c776cd37e
  languageName: node
  linkType: hard

"string-width@npm:^2.1.1":
  version: 2.1.1
  resolution: "string-width@npm:2.1.1"
  dependencies:
    is-fullwidth-code-point: ^2.0.0
    strip-ansi: ^4.0.0
  checksum: d6173abe088c615c8dffaf3861dc5d5906ed3dc2d6fd67ff2bd2e2b5dce7fd683c5240699cf0b1b8aa679a3b3bd6b28b5053c824cb89b813d7f6541d8f89064a
  languageName: node
  linkType: hard

"string-width@npm:^4.1.0":
  version: 4.2.3
  resolution: "string-width@npm:4.2.3"
  dependencies:
    emoji-regex: ^8.0.0
    is-fullwidth-code-point: ^3.0.0
    strip-ansi: ^6.0.1
  checksum: e52c10dc3fbfcd6c3a15f159f54a90024241d0f149cf8aed2982a2d801d2e64df0bf1dc351cf8e95c3319323f9f220c16e740b06faecd53e2462df1d2b5443fb
  languageName: node
  linkType: hard

"strip-ansi@npm:^3.0.0, strip-ansi@npm:^3.0.1":
  version: 3.0.1
  resolution: "strip-ansi@npm:3.0.1"
  dependencies:
    ansi-regex: ^2.0.0
  checksum: 9b974de611ce5075c70629c00fa98c46144043db92ae17748fb780f706f7a789e9989fd10597b7c2053ae8d1513fd707816a91f1879b2f71e6ac0b6a863db465
  languageName: node
  linkType: hard

"strip-ansi@npm:^4.0.0":
  version: 4.0.0
  resolution: "strip-ansi@npm:4.0.0"
  dependencies:
    ansi-regex: ^3.0.0
  checksum: d9186e6c0cf78f25274f6750ee5e4a5725fb91b70fdd79aa5fe648eab092a0ec5b9621b22d69d4534a56319f75d8944efbd84e3afa8d4ad1b9a9491f12c84eca
  languageName: node
  linkType: hard

"strip-ansi@npm:^6.0.0, strip-ansi@npm:^6.0.1":
  version: 6.0.1
  resolution: "strip-ansi@npm:6.0.1"
  dependencies:
    ansi-regex: ^5.0.1
  checksum: f3cd25890aef3ba6e1a74e20896c21a46f482e93df4a06567cebf2b57edabb15133f1f94e57434e0a958d61186087b1008e89c94875d019910a213181a14fc8c
  languageName: node
  linkType: hard

"strip-eof@npm:^1.0.0":
  version: 1.0.0
  resolution: "strip-eof@npm:1.0.0"
  checksum: 40bc8ddd7e072f8ba0c2d6d05267b4e0a4800898c3435b5fb5f5a21e6e47dfaff18467e7aa0d1844bb5d6274c3097246595841fbfeb317e541974ee992cac506
  languageName: node
  linkType: hard

"strip-final-newline@npm:^2.0.0":
  version: 2.0.0
  resolution: "strip-final-newline@npm:2.0.0"
  checksum: 69412b5e25731e1938184b5d489c32e340605bb611d6140344abc3421b7f3c6f9984b21dff296dfcf056681b82caa3bb4cc996a965ce37bcfad663e92eae9c64
  languageName: node
  linkType: hard

"supports-color@npm:^2.0.0":
  version: 2.0.0
  resolution: "supports-color@npm:2.0.0"
  checksum: 602538c5812b9006404370b5a4b885d3e2a1f6567d314f8b4a41974ffe7d08e525bf92ae0f9c7030e3b4c78e4e34ace55d6a67a74f1571bc205959f5972f88f0
  languageName: node
  linkType: hard

"supports-color@npm:^5.3.0":
  version: 5.5.0
  resolution: "supports-color@npm:5.5.0"
  dependencies:
    has-flag: ^3.0.0
  checksum: 95f6f4ba5afdf92f495b5a912d4abee8dcba766ae719b975c56c084f5004845f6f5a5f7769f52d53f40e21952a6d87411bafe34af4a01e65f9926002e38e1dac
  languageName: node
  linkType: hard

"supports-color@npm:^7.1.0":
  version: 7.2.0
  resolution: "supports-color@npm:7.2.0"
  dependencies:
    has-flag: ^4.0.0
  checksum: 3dda818de06ebbe5b9653e07842d9479f3555ebc77e9a0280caf5a14fb877ffee9ed57007c3b78f5a6324b8dbeec648d9e97a24e2ed9fdb81ddc69ea07100f4a
  languageName: node
  linkType: hard

"symbol-observable@npm:^1.1.0":
  version: 1.2.0
  resolution: "symbol-observable@npm:1.2.0"
  checksum: 48ffbc22e3d75f9853b3ff2ae94a44d84f386415110aea5effc24d84c502e03a4a6b7a8f75ebaf7b585780bda34eb5d6da3121f826a6f93398429d30032971b6
  languageName: node
  linkType: hard

"through@npm:^2.3.6":
  version: 2.3.8
  resolution: "through@npm:2.3.8"
  checksum: a38c3e059853c494af95d50c072b83f8b676a9ba2818dcc5b108ef252230735c54e0185437618596c790bbba8fcdaef5b290405981ffa09dce67b1f1bf190cbd
  languageName: node
  linkType: hard

"tmp@npm:^0.0.33":
  version: 0.0.33
  resolution: "tmp@npm:0.0.33"
  dependencies:
    os-tmpdir: ~1.0.2
  checksum: 902d7aceb74453ea02abbf58c203f4a8fc1cead89b60b31e354f74ed5b3fb09ea817f94fb310f884a5d16987dd9fa5a735412a7c2dd088dd3d415aa819ae3a28
  languageName: node
  linkType: hard

"ts-node@npm:^10.9.1":
  version: 10.9.1
  resolution: "ts-node@npm:10.9.1"
  dependencies:
    "@cspotcode/source-map-support": ^0.8.0
    "@tsconfig/node10": ^1.0.7
    "@tsconfig/node12": ^1.0.7
    "@tsconfig/node14": ^1.0.0
    "@tsconfig/node16": ^1.0.2
    acorn: ^8.4.1
    acorn-walk: ^8.1.1
    arg: ^4.1.0
    create-require: ^1.1.0
    diff: ^4.0.1
    make-error: ^1.1.1
    v8-compile-cache-lib: ^3.0.1
    yn: 3.1.1
  peerDependencies:
    "@swc/core": ">=1.2.50"
    "@swc/wasm": ">=1.2.50"
    "@types/node": "*"
    typescript: ">=2.7"
  peerDependenciesMeta:
    "@swc/core":
      optional: true
    "@swc/wasm":
      optional: true
  bin:
    ts-node: dist/bin.js
    ts-node-cwd: dist/bin-cwd.js
    ts-node-esm: dist/bin-esm.js
    ts-node-script: dist/bin-script.js
    ts-node-transpile-only: dist/bin-transpile.js
    ts-script: dist/bin-script-deprecated.js
  checksum: 090adff1302ab20bd3486e6b4799e90f97726ed39e02b39e566f8ab674fd5bd5f727f43615debbfc580d33c6d9d1c6b1b3ce7d8e3cca3e20530a145ffa232c35
  languageName: node
  linkType: hard

"tslib@npm:^1.9.0":
  version: 1.14.1
  resolution: "tslib@npm:1.14.1"
  checksum: dbe628ef87f66691d5d2959b3e41b9ca0045c3ee3c7c7b906cc1e328b39f199bb1ad9e671c39025bd56122ac57dfbf7385a94843b1cc07c60a4db74795829acd
  languageName: node
  linkType: hard

"type-fest@npm:^0.21.3":
  version: 0.21.3
  resolution: "type-fest@npm:0.21.3"
  checksum: e6b32a3b3877f04339bae01c193b273c62ba7bfc9e325b8703c4ee1b32dc8fe4ef5dfa54bf78265e069f7667d058e360ae0f37be5af9f153b22382cd55a9afe0
  languageName: node
  linkType: hard

"typescript@npm:^5.2.2":
  version: 5.2.2
  resolution: "typescript@npm:5.2.2"
  bin:
    tsc: bin/tsc
    tsserver: bin/tsserver
  checksum: 7912821dac4d962d315c36800fe387cdc0a6298dba7ec171b350b4a6e988b51d7b8f051317786db1094bd7431d526b648aba7da8236607febb26cf5b871d2d3c
  languageName: node
  linkType: hard

"typescript@patch:typescript@^5.2.2#~builtin<compat/typescript>":
  version: 5.2.2
  resolution: "typescript@patch:typescript@npm%3A5.2.2#~builtin<compat/typescript>::version=5.2.2&hash=a1c5e5"
  bin:
    tsc: bin/tsc
    tsserver: bin/tsserver
  checksum: 07106822b4305de3f22835cbba949a2b35451cad50888759b6818421290ff95d522b38ef7919e70fb381c5fe9c1c643d7dea22c8b31652a717ddbd57b7f4d554
  languageName: node
  linkType: hard

"undici-types@npm:~5.25.1":
  version: 5.25.3
  resolution: "undici-types@npm:5.25.3"
  checksum: ec9d2cc36520cbd9fbe3b3b6c682a87fe5be214699e1f57d1e3d9a2cb5be422e62735f06e0067dc325fd3dd7404c697e4d479f9147dc8a804e049e29f357f2ff
  languageName: node
  linkType: hard

"v8-compile-cache-lib@npm:^3.0.1":
  version: 3.0.1
  resolution: "v8-compile-cache-lib@npm:3.0.1"
  checksum: 78089ad549e21bcdbfca10c08850022b22024cdcc2da9b168bcf5a73a6ed7bf01a9cebb9eac28e03cd23a684d81e0502797e88f3ccd27a32aeab1cfc44c39da0
  languageName: node
  linkType: hard

"which@npm:^1.2.9":
  version: 1.3.1
  resolution: "which@npm:1.3.1"
  dependencies:
    isexe: ^2.0.0
  bin:
    which: ./bin/which
  checksum: f2e185c6242244b8426c9df1510e86629192d93c1a986a7d2a591f2c24869e7ffd03d6dac07ca863b2e4c06f59a4cc9916c585b72ee9fa1aa609d0124df15e04
  languageName: node
  linkType: hard

"which@npm:^2.0.1":
  version: 2.0.2
  resolution: "which@npm:2.0.2"
  dependencies:
    isexe: ^2.0.0
  bin:
    node-which: ./bin/node-which
  checksum: 1a5c563d3c1b52d5f893c8b61afe11abc3bab4afac492e8da5bde69d550de701cf9806235f20a47b5c8fa8a1d6a9135841de2596535e998027a54589000e66d1
  languageName: node
  linkType: hard

"wrap-ansi@npm:^3.0.1":
  version: 3.0.1
  resolution: "wrap-ansi@npm:3.0.1"
  dependencies:
    string-width: ^2.1.1
    strip-ansi: ^4.0.0
  checksum: 1ceed09986d58cf6e0b88ea29084e70ef3463b3b891a04a8dbf245abb1fb678358986bdc43e12bcc92a696ced17327d079bc796f4d709d15aad7b8c1a7e7c83a
  languageName: node
  linkType: hard

"wrappy@npm:1":
  version: 1.0.2
  resolution: "wrappy@npm:1.0.2"
  checksum: 159da4805f7e84a3d003d8841557196034155008f817172d4e986bd591f74aa82aa7db55929a54222309e01079a65a92a9e6414da5a6aa4b01ee44a511ac3ee5
  languageName: node
  linkType: hard

"ws@npm:^8.14.2":
  version: 8.14.2
  resolution: "ws@npm:8.14.2"
  peerDependencies:
    bufferutil: ^4.0.1
    utf-8-validate: ">=5.0.2"
  peerDependenciesMeta:
    bufferutil:
      optional: true
    utf-8-validate:
      optional: true
  checksum: 3ca0dad26e8cc6515ff392b622a1467430814c463b3368b0258e33696b1d4bed7510bc7030f7b72838b9fdeb8dbd8839cbf808367d6aae2e1d668ce741d4308b
  languageName: node
  linkType: hard

"yn@npm:3.1.1":
  version: 3.1.1
  resolution: "yn@npm:3.1.1"
  checksum: 2c487b0e149e746ef48cda9f8bad10fc83693cd69d7f9dcd8be4214e985de33a29c9e24f3c0d6bcf2288427040a8947406ab27f7af67ee9456e6b84854f02dd6
  languageName: node
  linkType: hard
